{
  "name": "instagram-api",
  "version": "1.0.0",
  "lockfileVersion": 1,
  "requires": true,
  "dependencies": {
    "@kopplin/ts-config": {
      "version": "1.1.0",
      "resolved": "https://registry.npmjs.org/@kopplin/ts-config/-/ts-config-1.1.0.tgz",
      "integrity": "sha512-AYpN+mZBvp0tzLG0U4PqHY+xeJ0/JpYzamskrL6HaJ8ZYb3XQKk85/aJ4bBpsCL3wBa0o/88fK6ms6ULDZsSTg==",
      "dev": true
    },
    "typescript": {
      "version": "4.4.3",
      "resolved": "https://registry.npmjs.org/typescript/-/typescript-4.4.3.tgz",
      "integrity": "sha512-4xfscpisVgqqDfPaJo5vkd+Qd/ItkoagnHpufr+i2QCHBsNYp+G7UAoyFl8aPtx879u38wPV65rZ8qbGZijalA==",
      "dev": true
    }
  }
}
